
Microsoft Visual Studio Solution File, Format Version 12.00
# Visual Studio Version 17
VisualStudioVersion = 17.2.32414.248
MinimumVisualStudioVersion = 10.0.40219.1
Project("{FAE04EC0-301F-11D3-BF4B-00C04F79EFBC}") = "Distributions", "Distributions\Distributions.csproj", "{FB324014-D718-4215-9BE4-CADC4C844E0C}"
EndProject
Project("{9A19103F-16F7-4668-BE54-9A1E7A4F7556}") = "DistributionsAvalonia", "DistributionsAvalonia\DistributionsAvalonia.csproj", "{D466896A-0AA7-4E49-840C-D5B869DA4735}"
EndProject
Project("{9A19103F-16F7-4668-BE54-9A1E7A4F7556}") = "RandomAlgebra", "RandomAlgebra\RandomAlgebra.csproj", "{E47C1011-62F9-4865-B280-7527A17A49BC}"
EndProject
Project("{9A19103F-16F7-4668-BE54-9A1E7A4F7556}") = "RandomAlgebra.Test", "RandomAlgebra.Test\RandomAlgebra.Test.csproj", "{05B699EF-0E70-411C-A16C-075CA7DDE784}"
EndProject
Project("{9A19103F-16F7-4668-BE54-9A1E7A4F7556}") = "ControlCatalog.Web", "ControlCatalog.Web\ControlCatalog.Web.csproj", "{BA8D7470-A99B-48F9-B2B7-033571B3CAAD}"
EndProject
Project("{9A19103F-16F7-4668-BE54-9A1E7A4F7556}") = "DistributionsAvalonia.Desktop", "DistributionsAvalonia.Desktop\DistributionsAvalonia.Desktop.csproj", "{F19E3979-E1B3-435F-9B7B-48944B0D26E0}"
EndProject
Project("{9A19103F-16F7-4668-BE54-9A1E7A4F7556}") = "DistributionsBlazor", "DistributionsBlazor\DistributionsBlazor.csproj", "{868727E6-FD55-4C67-9251-54946EAC954D}"
EndProject
Global
	GlobalSection(SolutionConfigurationPlatforms) = preSolution
		Ad-Hoc|Any CPU = Ad-Hoc|Any CPU
		Ad-Hoc|iPhone = Ad-Hoc|iPhone
		Ad-Hoc|iPhoneSimulator = Ad-Hoc|iPhoneSimulator
		AppStore|Any CPU = AppStore|Any CPU
		AppStore|iPhone = AppStore|iPhone
		AppStore|iPhoneSimulator = AppStore|iPhoneSimulator
		Debug|Any CPU = Debug|Any CPU
		Debug|iPhone = Debug|iPhone
		Debug|iPhoneSimulator = Debug|iPhoneSimulator
		Release|Any CPU = Release|Any CPU
		Release|iPhone = Release|iPhone
		Release|iPhoneSimulator = Release|iPhoneSimulator
	EndGlobalSection
	GlobalSection(ProjectConfigurationPlatforms) = postSolution
		{FB324014-D718-4215-9BE4-CADC4C844E0C}.Ad-Hoc|Any CPU.ActiveCfg = Release|Any CPU
		{FB324014-D718-4215-9BE4-CADC4C844E0C}.Ad-Hoc|Any CPU.Build.0 = Release|Any CPU
		{FB324014-D718-4215-9BE4-CADC4C844E0C}.Ad-Hoc|iPhone.ActiveCfg = Release|Any CPU
		{FB324014-D718-4215-9BE4-CADC4C844E0C}.Ad-Hoc|iPhone.Build.0 = Release|Any CPU
		{FB324014-D718-4215-9BE4-CADC4C844E0C}.Ad-Hoc|iPhoneSimulator.ActiveCfg = Release|Any CPU
		{FB324014-D718-4215-9BE4-CADC4C844E0C}.Ad-Hoc|iPhoneSimulator.Build.0 = Release|Any CPU
		{FB324014-D718-4215-9BE4-CADC4C844E0C}.AppStore|Any CPU.ActiveCfg = Release|Any CPU
		{FB324014-D718-4215-9BE4-CADC4C844E0C}.AppStore|Any CPU.Build.0 = Release|Any CPU
		{FB324014-D718-4215-9BE4-CADC4C844E0C}.AppStore|iPhone.ActiveCfg = Release|Any CPU
		{FB324014-D718-4215-9BE4-CADC4C844E0C}.AppStore|iPhone.Build.0 = Release|Any CPU
		{FB324014-D718-4215-9BE4-CADC4C844E0C}.AppStore|iPhoneSimulator.ActiveCfg = Release|Any CPU
		{FB324014-D718-4215-9BE4-CADC4C844E0C}.AppStore|iPhoneSimulator.Build.0 = Release|Any CPU
		{FB324014-D718-4215-9BE4-CADC4C844E0C}.Debug|Any CPU.ActiveCfg = Debug|Any CPU
		{FB324014-D718-4215-9BE4-CADC4C844E0C}.Debug|Any CPU.Build.0 = Debug|Any CPU
		{FB324014-D718-4215-9BE4-CADC4C844E0C}.Debug|iPhone.ActiveCfg = Debug|Any CPU
		{FB324014-D718-4215-9BE4-CADC4C844E0C}.Debug|iPhone.Build.0 = Debug|Any CPU
		{FB324014-D718-4215-9BE4-CADC4C844E0C}.Debug|iPhoneSimulator.ActiveCfg = Debug|Any CPU
		{FB324014-D718-4215-9BE4-CADC4C844E0C}.Debug|iPhoneSimulator.Build.0 = Debug|Any CPU
		{FB324014-D718-4215-9BE4-CADC4C844E0C}.Release|Any CPU.ActiveCfg = Release|Any CPU
		{FB324014-D718-4215-9BE4-CADC4C844E0C}.Release|Any CPU.Build.0 = Release|Any CPU
		{FB324014-D718-4215-9BE4-CADC4C844E0C}.Release|iPhone.ActiveCfg = Release|Any CPU
		{FB324014-D718-4215-9BE4-CADC4C844E0C}.Release|iPhone.Build.0 = Release|Any CPU
		{FB324014-D718-4215-9BE4-CADC4C844E0C}.Release|iPhoneSimulator.ActiveCfg = Release|Any CPU
		{FB324014-D718-4215-9BE4-CADC4C844E0C}.Release|iPhoneSimulator.Build.0 = Release|Any CPU
		{D466896A-0AA7-4E49-840C-D5B869DA4735}.Ad-Hoc|Any CPU.ActiveCfg = Release|Any CPU
		{D466896A-0AA7-4E49-840C-D5B869DA4735}.Ad-Hoc|Any CPU.Build.0 = Release|Any CPU
		{D466896A-0AA7-4E49-840C-D5B869DA4735}.Ad-Hoc|iPhone.ActiveCfg = Release|Any CPU
		{D466896A-0AA7-4E49-840C-D5B869DA4735}.Ad-Hoc|iPhone.Build.0 = Release|Any CPU
		{D466896A-0AA7-4E49-840C-D5B869DA4735}.Ad-Hoc|iPhoneSimulator.ActiveCfg = Release|Any CPU
		{D466896A-0AA7-4E49-840C-D5B869DA4735}.Ad-Hoc|iPhoneSimulator.Build.0 = Release|Any CPU
		{D466896A-0AA7-4E49-840C-D5B869DA4735}.AppStore|Any CPU.ActiveCfg = Release|Any CPU
		{D466896A-0AA7-4E49-840C-D5B869DA4735}.AppStore|Any CPU.Build.0 = Release|Any CPU
		{D466896A-0AA7-4E49-840C-D5B869DA4735}.AppStore|iPhone.ActiveCfg = Release|Any CPU
		{D466896A-0AA7-4E49-840C-D5B869DA4735}.AppStore|iPhone.Build.0 = Release|Any CPU
		{D466896A-0AA7-4E49-840C-D5B869DA4735}.AppStore|iPhoneSimulator.ActiveCfg = Release|Any CPU
		{D466896A-0AA7-4E49-840C-D5B869DA4735}.AppStore|iPhoneSimulator.Build.0 = Release|Any CPU
		{D466896A-0AA7-4E49-840C-D5B869DA4735}.Debug|Any CPU.ActiveCfg = Debug|Any CPU
		{D466896A-0AA7-4E49-840C-D5B869DA4735}.Debug|Any CPU.Build.0 = Debug|Any CPU
		{D466896A-0AA7-4E49-840C-D5B869DA4735}.Debug|iPhone.ActiveCfg = Debug|Any CPU
		{D466896A-0AA7-4E49-840C-D5B869DA4735}.Debug|iPhone.Build.0 = Debug|Any CPU
		{D466896A-0AA7-4E49-840C-D5B869DA4735}.Debug|iPhoneSimulator.ActiveCfg = Debug|Any CPU
		{D466896A-0AA7-4E49-840C-D5B869DA4735}.Debug|iPhoneSimulator.Build.0 = Debug|Any CPU
		{D466896A-0AA7-4E49-840C-D5B869DA4735}.Release|Any CPU.ActiveCfg = Release|Any CPU
		{D466896A-0AA7-4E49-840C-D5B869DA4735}.Release|Any CPU.Build.0 = Release|Any CPU
		{D466896A-0AA7-4E49-840C-D5B869DA4735}.Release|iPhone.ActiveCfg = Release|Any CPU
		{D466896A-0AA7-4E49-840C-D5B869DA4735}.Release|iPhone.Build.0 = Release|Any CPU
		{D466896A-0AA7-4E49-840C-D5B869DA4735}.Release|iPhoneSimulator.ActiveCfg = Release|Any CPU
		{D466896A-0AA7-4E49-840C-D5B869DA4735}.Release|iPhoneSimulator.Build.0 = Release|Any CPU
		{E47C1011-62F9-4865-B280-7527A17A49BC}.Ad-Hoc|Any CPU.ActiveCfg = Release|Any CPU
		{E47C1011-62F9-4865-B280-7527A17A49BC}.Ad-Hoc|Any CPU.Build.0 = Release|Any CPU
		{E47C1011-62F9-4865-B280-7527A17A49BC}.Ad-Hoc|iPhone.ActiveCfg = Release|Any CPU
		{E47C1011-62F9-4865-B280-7527A17A49BC}.Ad-Hoc|iPhone.Build.0 = Release|Any CPU
		{E47C1011-62F9-4865-B280-7527A17A49BC}.Ad-Hoc|iPhoneSimulator.ActiveCfg = Release|Any CPU
		{E47C1011-62F9-4865-B280-7527A17A49BC}.Ad-Hoc|iPhoneSimulator.Build.0 = Release|Any CPU
		{E47C1011-62F9-4865-B280-7527A17A49BC}.AppStore|Any CPU.ActiveCfg = Release|Any CPU
		{E47C1011-62F9-4865-B280-7527A17A49BC}.AppStore|Any CPU.Build.0 = Release|Any CPU
		{E47C1011-62F9-4865-B280-7527A17A49BC}.AppStore|iPhone.ActiveCfg = Release|Any CPU
		{E47C1011-62F9-4865-B280-7527A17A49BC}.AppStore|iPhone.Build.0 = Release|Any CPU
		{E47C1011-62F9-4865-B280-7527A17A49BC}.AppStore|iPhoneSimulator.ActiveCfg = Release|Any CPU
		{E47C1011-62F9-4865-B280-7527A17A49BC}.AppStore|iPhoneSimulator.Build.0 = Release|Any CPU
		{E47C1011-62F9-4865-B280-7527A17A49BC}.Debug|Any CPU.ActiveCfg = Debug|Any CPU
		{E47C1011-62F9-4865-B280-7527A17A49BC}.Debug|Any CPU.Build.0 = Debug|Any CPU
		{E47C1011-62F9-4865-B280-7527A17A49BC}.Debug|iPhone.ActiveCfg = Debug|Any CPU
		{E47C1011-62F9-4865-B280-7527A17A49BC}.Debug|iPhone.Build.0 = Debug|Any CPU
		{E47C1011-62F9-4865-B280-7527A17A49BC}.Debug|iPhoneSimulator.ActiveCfg = Debug|Any CPU
		{E47C1011-62F9-4865-B280-7527A17A49BC}.Debug|iPhoneSimulator.Build.0 = Debug|Any CPU
		{E47C1011-62F9-4865-B280-7527A17A49BC}.Release|Any CPU.ActiveCfg = Release|Any CPU
		{E47C1011-62F9-4865-B280-7527A17A49BC}.Release|Any CPU.Build.0 = Release|Any CPU
		{E47C1011-62F9-4865-B280-7527A17A49BC}.Release|iPhone.ActiveCfg = Release|Any CPU
		{E47C1011-62F9-4865-B280-7527A17A49BC}.Release|iPhone.Build.0 = Release|Any CPU
		{E47C1011-62F9-4865-B280-7527A17A49BC}.Release|iPhoneSimulator.ActiveCfg = Release|Any CPU
		{E47C1011-62F9-4865-B280-7527A17A49BC}.Release|iPhoneSimulator.Build.0 = Release|Any CPU
		{05B699EF-0E70-411C-A16C-075CA7DDE784}.Ad-Hoc|Any CPU.ActiveCfg = Release|Any CPU
		{05B699EF-0E70-411C-A16C-075CA7DDE784}.Ad-Hoc|Any CPU.Build.0 = Release|Any CPU
		{05B699EF-0E70-411C-A16C-075CA7DDE784}.Ad-Hoc|iPhone.ActiveCfg = Release|Any CPU
		{05B699EF-0E70-411C-A16C-075CA7DDE784}.Ad-Hoc|iPhone.Build.0 = Release|Any CPU
		{05B699EF-0E70-411C-A16C-075CA7DDE784}.Ad-Hoc|iPhoneSimulator.ActiveCfg = Release|Any CPU
		{05B699EF-0E70-411C-A16C-075CA7DDE784}.Ad-Hoc|iPhoneSimulator.Build.0 = Release|Any CPU
		{05B699EF-0E70-411C-A16C-075CA7DDE784}.AppStore|Any CPU.ActiveCfg = Release|Any CPU
		{05B699EF-0E70-411C-A16C-075CA7DDE784}.AppStore|Any CPU.Build.0 = Release|Any CPU
		{05B699EF-0E70-411C-A16C-075CA7DDE784}.AppStore|iPhone.ActiveCfg = Release|Any CPU
		{05B699EF-0E70-411C-A16C-075CA7DDE784}.AppStore|iPhone.Build.0 = Release|Any CPU
		{05B699EF-0E70-411C-A16C-075CA7DDE784}.AppStore|iPhoneSimulator.ActiveCfg = Release|Any CPU
		{05B699EF-0E70-411C-A16C-075CA7DDE784}.AppStore|iPhoneSimulator.Build.0 = Release|Any CPU
		{05B699EF-0E70-411C-A16C-075CA7DDE784}.Debug|Any CPU.ActiveCfg = Debug|Any CPU
		{05B699EF-0E70-411C-A16C-075CA7DDE784}.Debug|Any CPU.Build.0 = Debug|Any CPU
		{05B699EF-0E70-411C-A16C-075CA7DDE784}.Debug|iPhone.ActiveCfg = Debug|Any CPU
		{05B699EF-0E70-411C-A16C-075CA7DDE784}.Debug|iPhone.Build.0 = Debug|Any CPU
		{05B699EF-0E70-411C-A16C-075CA7DDE784}.Debug|iPhoneSimulator.ActiveCfg = Debug|Any CPU
		{05B699EF-0E70-411C-A16C-075CA7DDE784}.Debug|iPhoneSimulator.Build.0 = Debug|Any CPU
		{05B699EF-0E70-411C-A16C-075CA7DDE784}.Release|Any CPU.ActiveCfg = Release|Any CPU
		{05B699EF-0E70-411C-A16C-075CA7DDE784}.Release|Any CPU.Build.0 = Release|Any CPU
		{05B699EF-0E70-411C-A16C-075CA7DDE784}.Release|iPhone.ActiveCfg = Release|Any CPU
		{05B699EF-0E70-411C-A16C-075CA7DDE784}.Release|iPhone.Build.0 = Release|Any CPU
		{05B699EF-0E70-411C-A16C-075CA7DDE784}.Release|iPhoneSimulator.ActiveCfg = Release|Any CPU
		{05B699EF-0E70-411C-A16C-075CA7DDE784}.Release|iPhoneSimulator.Build.0 = Release|Any CPU
		{BA8D7470-A99B-48F9-B2B7-033571B3CAAD}.Ad-Hoc|Any CPU.ActiveCfg = Debug|Any CPU
		{BA8D7470-A99B-48F9-B2B7-033571B3CAAD}.Ad-Hoc|Any CPU.Build.0 = Debug|Any CPU
		{BA8D7470-A99B-48F9-B2B7-033571B3CAAD}.Ad-Hoc|iPhone.ActiveCfg = Debug|Any CPU
		{BA8D7470-A99B-48F9-B2B7-033571B3CAAD}.Ad-Hoc|iPhone.Build.0 = Debug|Any CPU
		{BA8D7470-A99B-48F9-B2B7-033571B3CAAD}.Ad-Hoc|iPhoneSimulator.ActiveCfg = Debug|Any CPU
		{BA8D7470-A99B-48F9-B2B7-033571B3CAAD}.Ad-Hoc|iPhoneSimulator.Build.0 = Debug|Any CPU
		{BA8D7470-A99B-48F9-B2B7-033571B3CAAD}.AppStore|Any CPU.ActiveCfg = Debug|Any CPU
		{BA8D7470-A99B-48F9-B2B7-033571B3CAAD}.AppStore|Any CPU.Build.0 = Debug|Any CPU
		{BA8D7470-A99B-48F9-B2B7-033571B3CAAD}.AppStore|iPhone.ActiveCfg = Debug|Any CPU
		{BA8D7470-A99B-48F9-B2B7-033571B3CAAD}.AppStore|iPhone.Build.0 = Debug|Any CPU
		{BA8D7470-A99B-48F9-B2B7-033571B3CAAD}.AppStore|iPhoneSimulator.ActiveCfg = Debug|Any CPU
		{BA8D7470-A99B-48F9-B2B7-033571B3CAAD}.AppStore|iPhoneSimulator.Build.0 = Debug|Any CPU
		{BA8D7470-A99B-48F9-B2B7-033571B3CAAD}.Debug|Any CPU.ActiveCfg = Debug|Any CPU
		{BA8D7470-A99B-48F9-B2B7-033571B3CAAD}.Debug|Any CPU.Build.0 = Debug|Any CPU
		{BA8D7470-A99B-48F9-B2B7-033571B3CAAD}.Debug|iPhone.ActiveCfg = Debug|Any CPU
		{BA8D7470-A99B-48F9-B2B7-033571B3CAAD}.Debug|iPhone.Build.0 = Debug|Any CPU
		{BA8D7470-A99B-48F9-B2B7-033571B3CAAD}.Debug|iPhoneSimulator.ActiveCfg = Debug|Any CPU
		{BA8D7470-A99B-48F9-B2B7-033571B3CAAD}.Debug|iPhoneSimulator.Build.0 = Debug|Any CPU
		{BA8D7470-A99B-48F9-B2B7-033571B3CAAD}.Release|Any CPU.ActiveCfg = Release|Any CPU
		{BA8D7470-A99B-48F9-B2B7-033571B3CAAD}.Release|Any CPU.Build.0 = Release|Any CPU
		{BA8D7470-A99B-48F9-B2B7-033571B3CAAD}.Release|iPhone.ActiveCfg = Release|Any CPU
		{BA8D7470-A99B-48F9-B2B7-033571B3CAAD}.Release|iPhone.Build.0 = Release|Any CPU
		{BA8D7470-A99B-48F9-B2B7-033571B3CAAD}.Release|iPhoneSimulator.ActiveCfg = Release|Any CPU
		{BA8D7470-A99B-48F9-B2B7-033571B3CAAD}.Release|iPhoneSimulator.Build.0 = Release|Any CPU
		{F19E3979-E1B3-435F-9B7B-48944B0D26E0}.Ad-Hoc|Any CPU.ActiveCfg = Debug|Any CPU
		{F19E3979-E1B3-435F-9B7B-48944B0D26E0}.Ad-Hoc|Any CPU.Build.0 = Debug|Any CPU
		{F19E3979-E1B3-435F-9B7B-48944B0D26E0}.Ad-Hoc|iPhone.ActiveCfg = Debug|Any CPU
		{F19E3979-E1B3-435F-9B7B-48944B0D26E0}.Ad-Hoc|iPhone.Build.0 = Debug|Any CPU
		{F19E3979-E1B3-435F-9B7B-48944B0D26E0}.Ad-Hoc|iPhoneSimulator.ActiveCfg = Debug|Any CPU
		{F19E3979-E1B3-435F-9B7B-48944B0D26E0}.Ad-Hoc|iPhoneSimulator.Build.0 = Debug|Any CPU
		{F19E3979-E1B3-435F-9B7B-48944B0D26E0}.AppStore|Any CPU.ActiveCfg = Debug|Any CPU
		{F19E3979-E1B3-435F-9B7B-48944B0D26E0}.AppStore|Any CPU.Build.0 = Debug|Any CPU
		{F19E3979-E1B3-435F-9B7B-48944B0D26E0}.AppStore|iPhone.ActiveCfg = Debug|Any CPU
		{F19E3979-E1B3-435F-9B7B-48944B0D26E0}.AppStore|iPhone.Build.0 = Debug|Any CPU
		{F19E3979-E1B3-435F-9B7B-48944B0D26E0}.AppStore|iPhoneSimulator.ActiveCfg = Debug|Any CPU
		{F19E3979-E1B3-435F-9B7B-48944B0D26E0}.AppStore|iPhoneSimulator.Build.0 = Debug|Any CPU
		{F19E3979-E1B3-435F-9B7B-48944B0D26E0}.Debug|Any CPU.ActiveCfg = Debug|Any CPU
		{F19E3979-E1B3-435F-9B7B-48944B0D26E0}.Debug|Any CPU.Build.0 = Debug|Any CPU
		{F19E3979-E1B3-435F-9B7B-48944B0D26E0}.Debug|iPhone.ActiveCfg = Debug|Any CPU
		{F19E3979-E1B3-435F-9B7B-48944B0D26E0}.Debug|iPhone.Build.0 = Debug|Any CPU
		{F19E3979-E1B3-435F-9B7B-48944B0D26E0}.Debug|iPhoneSimulator.ActiveCfg = Debug|Any CPU
		{F19E3979-E1B3-435F-9B7B-48944B0D26E0}.Debug|iPhoneSimulator.Build.0 = Debug|Any CPU
		{F19E3979-E1B3-435F-9B7B-48944B0D26E0}.Release|Any CPU.ActiveCfg = Release|Any CPU
		{F19E3979-E1B3-435F-9B7B-48944B0D26E0}.Release|Any CPU.Build.0 = Release|Any CPU
		{F19E3979-E1B3-435F-9B7B-48944B0D26E0}.Release|iPhone.ActiveCfg = Release|Any CPU
		{F19E3979-E1B3-435F-9B7B-48944B0D26E0}.Release|iPhone.Build.0 = Release|Any CPU
		{F19E3979-E1B3-435F-9B7B-48944B0D26E0}.Release|iPhoneSimulator.ActiveCfg = Release|Any CPU
		{F19E3979-E1B3-435F-9B7B-48944B0D26E0}.Release|iPhoneSimulator.Build.0 = Release|Any CPU
		{868727E6-FD55-4C67-9251-54946EAC954D}.Ad-Hoc|Any CPU.ActiveCfg = Debug|Any CPU
		{868727E6-FD55-4C67-9251-54946EAC954D}.Ad-Hoc|Any CPU.Build.0 = Debug|Any CPU
		{868727E6-FD55-4C67-9251-54946EAC954D}.Ad-Hoc|iPhone.ActiveCfg = Debug|Any CPU
		{868727E6-FD55-4C67-9251-54946EAC954D}.Ad-Hoc|iPhone.Build.0 = Debug|Any CPU
		{868727E6-FD55-4C67-9251-54946EAC954D}.Ad-Hoc|iPhoneSimulator.ActiveCfg = Debug|Any CPU
		{868727E6-FD55-4C67-9251-54946EAC954D}.Ad-Hoc|iPhoneSimulator.Build.0 = Debug|Any CPU
		{868727E6-FD55-4C67-9251-54946EAC954D}.AppStore|Any CPU.ActiveCfg = Debug|Any CPU
		{868727E6-FD55-4C67-9251-54946EAC954D}.AppStore|Any CPU.Build.0 = Debug|Any CPU
		{868727E6-FD55-4C67-9251-54946EAC954D}.AppStore|iPhone.ActiveCfg = Debug|Any CPU
		{868727E6-FD55-4C67-9251-54946EAC954D}.AppStore|iPhone.Build.0 = Debug|Any CPU
		{868727E6-FD55-4C67-9251-54946EAC954D}.AppStore|iPhoneSimulator.ActiveCfg = Debug|Any CPU
		{868727E6-FD55-4C67-9251-54946EAC954D}.AppStore|iPhoneSimulator.Build.0 = Debug|Any CPU
		{868727E6-FD55-4C67-9251-54946EAC954D}.Debug|Any CPU.ActiveCfg = Debug|Any CPU
		{868727E6-FD55-4C67-9251-54946EAC954D}.Debug|Any CPU.Build.0 = Debug|Any CPU
		{868727E6-FD55-4C67-9251-54946EAC954D}.Debug|iPhone.ActiveCfg = Debug|Any CPU
		{868727E6-FD55-4C67-9251-54946EAC954D}.Debug|iPhone.Build.0 = Debug|Any CPU
		{868727E6-FD55-4C67-9251-54946EAC954D}.Debug|iPhoneSimulator.ActiveCfg = Debug|Any CPU
		{868727E6-FD55-4C67-9251-54946EAC954D}.Debug|iPhoneSimulator.Build.0 = Debug|Any CPU
		{868727E6-FD55-4C67-9251-54946EAC954D}.Release|Any CPU.ActiveCfg = Release|Any CPU
		{868727E6-FD55-4C67-9251-54946EAC954D}.Release|Any CPU.Build.0 = Release|Any CPU
		{868727E6-FD55-4C67-9251-54946EAC954D}.Release|iPhone.ActiveCfg = Release|Any CPU
		{868727E6-FD55-4C67-9251-54946EAC954D}.Release|iPhone.Build.0 = Release|Any CPU
		{868727E6-FD55-4C67-9251-54946EAC954D}.Release|iPhoneSimulator.ActiveCfg = Release|Any CPU
		{868727E6-FD55-4C67-9251-54946EAC954D}.Release|iPhoneSimulator.Build.0 = Release|Any CPU
	EndGlobalSection
	GlobalSection(SolutionProperties) = preSolution
		HideSolutionNode = FALSE
	EndGlobalSection
	GlobalSection(ExtensibilityGlobals) = postSolution
		SolutionGuid = {A4CC6E27-07C0-434A-8263-2E9BE79BA124}
	EndGlobalSection
EndGlobal
